
Microsoft Visual Studio Solution File, Format Version 12.00
# Visual Studio Version 16
VisualStudioVersion = 16.0.30804.86
MinimumVisualStudioVersion = 10.0.40219.1
Project("{9A19103F-16F7-4668-BE54-9A1E7A4F7556}") = "YorkTrail", "YorkTrail\YorkTrail.csproj", "{D58844BA-5C44-4B18-956D-3FA3FA4D3741}"
EndProject
Project("{8BC9CEB8-8B4A-11D0-8D11-00A0C91BC942}") = "YorkTrailCore", "YorkTrailCore\YorkTrailCore.vcxproj", "{650C6254-87EA-4F59-A0DC-DB1C703ED43D}"
EndProject
Project("{9A19103F-16F7-4668-BE54-9A1E7A4F7556}") = "YorkTrailTest", "YorkTrailTest\YorkTrailTest.csproj", "{9B8BEC8C-B569-4F22-A92A-88F18CAF6571}"
EndProject
Project("{2150E333-8FDC-42A3-9474-1A3956D46DE8}") = "Solution Items", "Solution Items", "{BED98259-448D-482C-BC38-071D16B1BDAC}"
	ProjectSection(SolutionItems) = preProject
		Readme.txt = Readme.txt
	EndProjectSection
EndProject
Global
	GlobalSection(SolutionConfigurationPlatforms) = preSolution
		Debug|Any CPU = Debug|Any CPU
		Debug|x64 = Debug|x64
		Debug|x86 = Debug|x86
		Release|Any CPU = Release|Any CPU
		Release|x64 = Release|x64
		Release|x86 = Release|x86
	EndGlobalSection
	GlobalSection(ProjectConfigurationPlatforms) = postSolution
		{D58844BA-5C44-4B18-956D-3FA3FA4D3741}.Debug|Any CPU.ActiveCfg = Debug|Any CPU
		{D58844BA-5C44-4B18-956D-3FA3FA4D3741}.Debug|Any CPU.Build.0 = Debug|Any CPU
		{D58844BA-5C44-4B18-956D-3FA3FA4D3741}.Debug|x64.ActiveCfg = Debug|x64
		{D58844BA-5C44-4B18-956D-3FA3FA4D3741}.Debug|x64.Build.0 = Debug|x64
		{D58844BA-5C44-4B18-956D-3FA3FA4D3741}.Debug|x86.ActiveCfg = Debug|x86
		{D58844BA-5C44-4B18-956D-3FA3FA4D3741}.Debug|x86.Build.0 = Debug|x86
		{D58844BA-5C44-4B18-956D-3FA3FA4D3741}.Release|Any CPU.ActiveCfg = Release|Any CPU
		{D58844BA-5C44-4B18-956D-3FA3FA4D3741}.Release|Any CPU.Build.0 = Release|Any CPU
		{D58844BA-5C44-4B18-956D-3FA3FA4D3741}.Release|x64.ActiveCfg = Release|x64
		{D58844BA-5C44-4B18-956D-3FA3FA4D3741}.Release|x64.Build.0 = Release|x64
		{D58844BA-5C44-4B18-956D-3FA3FA4D3741}.Release|x86.ActiveCfg = Release|x86
		{D58844BA-5C44-4B18-956D-3FA3FA4D3741}.Release|x86.Build.0 = Release|x86
		{650C6254-87EA-4F59-A0DC-DB1C703ED43D}.Debug|Any CPU.ActiveCfg = Debug|Win32
		{650C6254-87EA-4F59-A0DC-DB1C703ED43D}.Debug|Any CPU.Build.0 = Debug|Win32
		{650C6254-87EA-4F59-A0DC-DB1C703ED43D}.Debug|x64.ActiveCfg = Debug|x64
		{650C6254-87EA-4F59-A0DC-DB1C703ED43D}.Debug|x64.Build.0 = Debug|x64
		{650C6254-87EA-4F59-A0DC-DB1C703ED43D}.Debug|x86.ActiveCfg = Debug|Win32
		{650C6254-87EA-4F59-A0DC-DB1C703ED43D}.Debug|x86.Build.0 = Debug|Win32
		{650C6254-87EA-4F59-A0DC-DB1C703ED43D}.Release|Any CPU.ActiveCfg = Release|Win32
		{650C6254-87EA-4F59-A0DC-DB1C703ED43D}.Release|x64.ActiveCfg = Release|x64
		{650C6254-87EA-4F59-A0DC-DB1C703ED43D}.Release|x64.Build.0 = Release|x64
		{650C6254-87EA-4F59-A0DC-DB1C703ED43D}.Release|x86.ActiveCfg = Release|Win32
		{650C6254-87EA-4F59-A0DC-DB1C703ED43D}.Release|x86.Build.0 = Release|Win32
		{9B8BEC8C-B569-4F22-A92A-88F18CAF6571}.Debug|Any CPU.ActiveCfg = Debug|Any CPU
		{9B8BEC8C-B569-4F22-A92A-88F18CAF6571}.Debug|Any CPU.Build.0 = Debug|Any CPU
		{9B8BEC8C-B569-4F22-A92A-88F18CAF6571}.Debug|x64.ActiveCfg = Debug|x64
		{9B8BEC8C-B569-4F22-A92A-88F18CAF6571}.Debug|x64.Build.0 = Debug|x64
		{9B8BEC8C-B569-4F22-A92A-88F18CAF6571}.Debug|x86.ActiveCfg = Debug|x86
		{9B8BEC8C-B569-4F22-A92A-88F18CAF6571}.Debug|x86.Build.0 = Debug|x86
		{9B8BEC8C-B569-4F22-A92A-88F18CAF6571}.Release|Any CPU.ActiveCfg = Release|Any CPU
		{9B8BEC8C-B569-4F22-A92A-88F18CAF6571}.Release|Any CPU.Build.0 = Release|Any CPU
		{9B8BEC8C-B569-4F22-A92A-88F18CAF6571}.Release|x64.ActiveCfg = Release|x64
		{9B8BEC8C-B569-4F22-A92A-88F18CAF6571}.Release|x64.Build.0 = Release|x64
		{9B8BEC8C-B569-4F22-A92A-88F18CAF6571}.Release|x86.ActiveCfg = Release|x86
		{9B8BEC8C-B569-4F22-A92A-88F18CAF6571}.Release|x86.Build.0 = Release|x86
	EndGlobalSection
	GlobalSection(SolutionProperties) = preSolution
		HideSolutionNode = FALSE
	EndGlobalSection
	GlobalSection(ExtensibilityGlobals) = postSolution
		SolutionGuid = {096F3B3B-49A1-4DE2-97BB-CE50819E33B1}
	EndGlobalSection
EndGlobal
